{
  "name": "@msespos/drop-down",
  "version": "1.0.3",
  "lockfileVersion": 2,
  "requires": true,
  "packages": {
    "": {
      "name": "@msespos/drop-down",
      "version": "1.0.3",
      "license": "ISC",
      "dependencies": {
        "@msespos/drop-down": "^1.0.2"
      }
    },
    "node_modules/@msespos/drop-down": {
      "version": "1.0.2",
      "resolved": "https://registry.npmjs.org/@msespos/drop-down/-/drop-down-1.0.2.tgz",
      "integrity": "sha512-/h1NNUr8tfFz8vWmIXuo1D7NM8fF7hx1lw9SfLfjSIaxp/+kB/0sBx3NtokP2Ovkt8mK00r9Hf3pWUpdM2dAIw==",
      "dependencies": {
        "@msespos/drop-down": "^1.0.1"
      }
    }
  },
  "dependencies": {
    "@msespos/drop-down": {
      "version": "1.0.2",
      "resolved": "https://registry.npmjs.org/@msespos/drop-down/-/drop-down-1.0.2.tgz",
      "integrity": "sha512-/h1NNUr8tfFz8vWmIXuo1D7NM8fF7hx1lw9SfLfjSIaxp/+kB/0sBx3NtokP2Ovkt8mK00r9Hf3pWUpdM2dAIw==",
      "requires": {
        "@msespos/drop-down": "^1.0.1"
      }
    }
  }
}
